
Microsoft Visual Studio Solution File, Format Version 12.00
# Visual Studio Version 16
VisualStudioVersion = 16.0.32002.261
MinimumVisualStudioVersion = 10.0.40219.1
Project("{FAE04EC0-301F-11D3-BF4B-00C04F79EFBC}") = "Lab2.5", "Lab2.5\Lab2.5.csproj", "{C0C9D49D-3A78-401B-A033-FF93D502CEDA}"
EndProject
Global
	GlobalSection(SolutionConfigurationPlatforms) = preSolution
		Debug|Any CPU = Debug|Any CPU
		Release|Any CPU = Release|Any CPU
	EndGlobalSection
	GlobalSection(ProjectConfigurationPlatforms) = postSolution
		{C0C9D49D-3A78-401B-A033-FF93D502CEDA}.Debug|Any CPU.ActiveCfg = Debug|Any CPU
		{C0C9D49D-3A78-401B-A033-FF93D502CEDA}.Debug|Any CPU.Build.0 = Debug|Any CPU
		{C0C9D49D-3A78-401B-A033-FF93D502CEDA}.Release|Any CPU.ActiveCfg = Release|Any CPU
		{C0C9D49D-3A78-401B-A033-FF93D502CEDA}.Release|Any CPU.Build.0 = Release|Any CPU
	EndGlobalSection
	GlobalSection(SolutionProperties) = preSolution
		HideSolutionNode = FALSE
	EndGlobalSection
	GlobalSection(ExtensibilityGlobals) = postSolution
		SolutionGuid = {A26EE6CB-17A0-46D5-8A68-9883BC2D1744}
	EndGlobalSection
EndGlobal
